# This file is generated by the MindAtlas reproducible lock compiler.
# input: requirements/compiler-bootstrap.in
# constraints: none (bootstrap is compiler-owned)
# compiler: pip-tools==7.4.1
# python: 3.11
# compiler-image: python:3.11-slim-bookworm@sha256:77923445c077d8eb971b14b2b114a1d9cd4a87edb4c75654820ca4832ee8cb15
# install with: python -m pip install --require-hashes -r this-file

#
build==1.5.0 \
    --hash=sha256:13f3eecb844759ab66efec90ca17639bbf14dc06cb2fdf37a9010322d9c50a6f \
    --hash=sha256:302c22c3ba2a0fd5f3911918651341ebb3896176cbdec15bd421f80b1afc7647
    # via pip-tools
click==8.4.2 \
    --hash=sha256:9a6cea6e60b17ebe0a44c5cc636d94f09bd66142c1cd7d8b4cd731c4917a15f6 \
    --hash=sha256:e6f9f66136c816745b9d65817da91d61d957fb16e02e4dcd0552553c5a197b76
    # via pip-tools
packaging==26.3 \
    --hash=sha256:94edc256424af38762eb31306eed28beb9f0efc50a8837492c9d6fd6004aed79 \
    --hash=sha256:d7193f7c8e4e93f444fde0262bf90af30e16fa0ad0ad44cb553c87339b23cd1c
    # via
    #   build
    #   wheel
pip-tools==7.4.1 \
    --hash=sha256:4c690e5fbae2f21e87843e89c26191f0d9454f362d8acdbd695716493ec8b3a9 \
    --hash=sha256:864826f5073864450e24dbeeb85ce3920cdfb09848a3d69ebf537b521f14bcc9
    # via -r /tmp/mindatlas-compiler-bootstrap.in
pyproject-hooks==1.2.0 \
    --hash=sha256:1e859bd5c40fae9448642dd871adf459e5e2084186e8d2c2a79a824c970da1f8 \
    --hash=sha256:9e5c6bfa8dcc30091c74b0cf803c81fdd29d94f01992a7707bc97babb1141913
    # via
    #   build
    #   pip-tools
wheel==0.48.0 \
    --hash=sha256:3217dcc807155e45db462d7ef2431f5ddda0d7273b700d05a67b271ceb1287ab \
    --hash=sha256:94800765601e9171bf5d58d066e640662842bcedcbab982b2c90787a2c987322
    # via pip-tools

# The following packages are considered to be unsafe in a requirements file:
pip==24.3.1 \
    --hash=sha256:3790624780082365f47549d032f3770eeb2b1e8bd1f7b2e02dace1afa361b4ed \
    --hash=sha256:ebcb60557f2aefabc2e0f918751cd24ea0d56d8ec5445fe1807f1d2109660b99
    # via
    #   -r /tmp/mindatlas-compiler-bootstrap.in
    #   pip-tools
setuptools==84.0.0 \
    --hash=sha256:51a52592b3b99e102b609654876bd65f19f999935166d1352678931132b0c670 \
    --hash=sha256:f4695c21257f0d9b537ec2692c941d02ee143b7cc1276941349a546573b2ef73
    # via pip-tools
